// !$*UTF8*$!
{
	archiveVersion = 1;
	classes = {
	};
	objectVersion = 55;
	objects = {

/* Begin PBXBuildFile section */
		4EAB7F2827E0DCAD005CF45D /* AppDelegate.swift in Sources */ = {isa = PBXBuildFile; fileRef = 4EAB7F2727E0DCAD005CF45D /* AppDelegate.swift */; };
		4EAB7F2A27E0DCAD005CF45D /* SceneDelegate.swift in Sources */ = {isa = PBXBuildFile; fileRef = 4EAB7F2927E0DCAD005CF45D /* SceneDelegate.swift */; };
		4EAB7F2C27E0DCAD005CF45D /* ViewController.swift in Sources */ = {isa = PBXBuildFile; fileRef = 4EAB7F2B27E0DCAD005CF45D /* ViewController.swift */; };
		4EAB7F2F27E0DCAD005CF45D /* Main.storyboard in Resources */ = {isa = PBXBuildFile; fileRef = 4EAB7F2D27E0DCAD005CF45D /* Main.storyboard */; };
		4EAB7F3127E0DCAE005CF45D /* Assets.xcassets in Resources */ = {isa = PBXBuildFile; fileRef = 4EAB7F3027E0DCAE005CF45D /* Assets.xcassets */; };
		4EAB7F3427E0DCAE005CF45D /* LaunchScreen.storyboard in Resources */ = {isa = PBXBuildFile; fileRef = 4EAB7F3227E0DCAE005CF45D /* LaunchScreen.storyboard */; };
		4EAB7F3F27E0DCAE005CF45D /* AnimationDemoTests.swift in Sources */ = {isa = PBXBuildFile; fileRef = 4EAB7F3E27E0DCAE005CF45D /* AnimationDemoTests.swift */; };
		4EAB7F4927E0DCAF005CF45D /* AnimationDemoUITests.swift in Sources */ = {isa = PBXBuildFile; fileRef = 4EAB7F4827E0DCAF005CF45D /* AnimationDemoUITests.swift */; };
		4EAB7F4B27E0DCAF005CF45D /* AnimationDemoUITestsLaunchTests.swift in Sources */ = {isa = PBXBuildFile; fileRef = 4EAB7F4A27E0DCAF005CF45D /* AnimationDemoUITestsLaunchTests.swift */; };
/* End PBXBuildFile section */

/* Begin PBXContainerItemProxy section */
		4EAB7F3B27E0DCAE005CF45D /* PBXContainerItemProxy */ = {
			isa = PBXContainerItemProxy;
			containerPortal = 4EAB7F1C27E0DCAD005CF45D /* Project object */;
			proxyType = 1;
			remoteGlobalIDString = 4EAB7F2327E0DCAD005CF45D;
			remoteInfo = AnimationDemo;
		};
		4EAB7F4527E0DCAF005CF45D /* PBXContainerItemProxy */ = {
			isa = PBXContainerItemProxy;
			containerPortal = 4EAB7F1C27E0DCAD005CF45D /* Project object */;
			proxyType = 1;
			remoteGlobalIDString = 4EAB7F2327E0DCAD005CF45D;
			remoteInfo = AnimationDemo;
		};
/* End PBXContainerItemProxy section */

/* Begin PBXFileReference section */
		4EAB7F2427E0DCAD005CF45D /* AnimationDemo.app */ = {isa = PBXFileReference; explicitFileType = wrapper.application; includeInIndex = 0; path = AnimationDemo.app; sourceTree = BUILT_PRODUCTS_DIR; };
		4EAB7F2727E0DCAD005CF45D /* AppDelegate.swift */ = {isa = PBXFileReference; lastKnownFileType = sourcecode.swift; path = AppDelegate.swift; sourceTree = "<group>"; };
		4EAB7F2927E0DCAD005CF45D /* SceneDelegate.swift */ = {isa = PBXFileReference; lastKnownFileType = sourcecode.swift; path = SceneDelegate.swift; sourceTree = "<group>"; };
		4EAB7F2B27E0DCAD005CF45D /* ViewController.swift */ = {isa = PBXFileReference; lastKnownFileType = sourcecode.swift; path = ViewController.swift; sourceTree = "<group>"; };
		4EAB7F2E27E0DCAD005CF45D /* Base */ = {isa = PBXFileReference; lastKnownFileType = file.storyboard; name = Base; path = Base.lproj/Main.storyboard; sourceTree = "<group>"; };
		4EAB7F3027E0DCAE005CF45D /* Assets.xcassets */ = {isa = PBXFileReference; lastKnownFileType = folder.assetcatalog; path = Assets.xcassets; sourceTree = "<group>"; };
		4EAB7F3327E0DCAE005CF45D /* Base */ = {isa = PBXFileReference; lastKnownFileType = file.storyboard; name = Base; path = Base.lproj/LaunchScreen.storyboard; sourceTree = "<group>"; };
		4EAB7F3527E0DCAE005CF45D /* Info.plist */ = {isa = PBXFileReference; lastKnownFileType = text.plist.xml; path = Info.plist; sourceTree = "<group>"; };
		4EAB7F3A27E0DCAE005CF45D /* AnimationDemoTests.xctest */ = {isa = PBXFileReference; explicitFileType = wrapper.cfbundle; includeInIndex = 0; path = AnimationDemoTests.xctest; sourceTree = BUILT_PRODUCTS_DIR; };
		4EAB7F3E27E0DCAE005CF45D /* AnimationDemoTests.swift */ = {isa = PBXFileReference; lastKnownFileType = sourcecode.swift; path = AnimationDemoTests.swift; sourceTree = "<group>"; };
		4EAB7F4427E0DCAF005CF45D /* AnimationDemoUITests.xctest */ = {isa = PBXFileReference; explicitFileType = wrapper.cfbundle; includeInIndex = 0; path = AnimationDemoUITests.xctest; sourceTree = BUILT_PRODUCTS_DIR; };
		4EAB7F4827E0DCAF005CF45D /* AnimationDemoUITests.swift */ = {isa = PBXFileReference; lastKnownFileType = sourcecode.swift; path = AnimationDemoUITests.swift; sourceTree = "<group>"; };
		4EAB7F4A27E0DCAF005CF45D /* AnimationDemoUITestsLaunchTests.swift */ = {isa = PBXFileReference; lastKnownFileType = sourcecode.swift; path = AnimationDemoUITestsLaunchTests.swift; sourceTree = "<group>"; };
/* End PBXFileReference section */

/* Begin PBXFrameworksBuildPhase section */
		4EAB7F2127E0DCAD005CF45D /* Frameworks */ = {
			isa = PBXFrameworksBuildPhase;
			buildActionMask = 2147483647;
			files = (
			);
			runOnlyForDeploymentPostprocessing = 0;
		};
		4EAB7F3727E0DCAE005CF45D /* Frameworks */ = {
			isa = PBXFrameworksBuildPhase;
			buildActionMask = 2147483647;
			files = (
			);
			runOnlyForDeploymentPostprocessing = 0;
		};
		4EAB7F4127E0DCAF005CF45D /* Frameworks */ = {
			isa = PBXFrameworksBuildPhase;
			buildActionMask = 2147483647;
			files = (
			);
			runOnlyForDeploymentPostprocessing = 0;
		};
/* End PBXFrameworksBuildPhase section */

/* Begin PBXGroup section */
		4EAB7F1B27E0DCAD005CF45D = {
			isa = PBXGroup;
			children = (
				4EAB7F2627E0DCAD005CF45D /* AnimationDemo */,
				4EAB7F3D27E0DCAE005CF45D /* AnimationDemoTests */,
				4EAB7F4727E0DCAF005CF45D /* AnimationDemoUITests */,
				4EAB7F2527E0DCAD005CF45D /* Products */,
			);
			sourceTree = "<group>";
		};
		4EAB7F2527E0DCAD005CF45D /* Products */ = {
			isa = PBXGroup;
			children = (
				4EAB7F2427E0DCAD005CF45D /* AnimationDemo.app */,
				4EAB7F3A27E0DCAE005CF45D /* AnimationDemoTests.xctest */,
				4EAB7F4427E0DCAF005CF45D /* AnimationDemoUITests.xctest */,
			);
			name = Products;
			sourceTree = "<group>";
		};
		4EAB7F2627E0DCAD005CF45D /* AnimationDemo */ = {
			isa = PBXGroup;
			children = (
				4EAB7F2727E0DCAD005CF45D /* AppDelegate.swift */,
				4EAB7F2927E0DCAD005CF45D /* SceneDelegate.swift */,
				4EAB7F2B27E0DCAD005CF45D /* ViewController.swift */,
				4EAB7F2D27E0DCAD005CF45D /* Main.storyboard */,
				4EAB7F3027E0DCAE005CF45D /* Assets.xcassets */,
				4EAB7F3227E0DCAE005CF45D /* LaunchScreen.storyboard */,
				4EAB7F3527E0DCAE005CF45D /* Info.plist */,
			);
			path = AnimationDemo;
			sourceTree = "<group>";
		};
		4EAB7F3D27E0DCAE005CF45D /* AnimationDemoTests */ = {
			isa = PBXGroup;
			children = (
				4EAB7F3E27E0DCAE005CF45D /* AnimationDemoTests.swift */,
			);
			path = AnimationDemoTests;
			sourceTree = "<group>";
		};
		4EAB7F4727E0DCAF005CF45D /* AnimationDemoUITests */ = {
			isa = PBXGroup;
			children = (
				4EAB7F4827E0DCAF005CF45D /* AnimationDemoUITests.swift */,
				4EAB7F4A27E0DCAF005CF45D /* AnimationDemoUITestsLaunchTests.swift */,
			);
			path = AnimationDemoUITests;
			sourceTree = "<group>";
		};
/* End PBXGroup section */

/* Begin PBXNativeTarget section */
		4EAB7F2327E0DCAD005CF45D /* AnimationDemo */ = {
			isa = PBXNativeTarget;
			buildConfigurationList = 4EAB7F4E27E0DCAF005CF45D /* Build configuration list for PBXNativeTarget "AnimationDemo" */;
			buildPhases = (
				4EAB7F2027E0DCAD005CF45D /* Sources */,
				4EAB7F2127E0DCAD005CF45D /* Frameworks */,
				4EAB7F2227E0DCAD005CF45D /* Resources */,
			);
			buildRules = (
			);
			dependencies = (
			);
			name = AnimationDemo;
			productName = AnimationDemo;
			productReference = 4EAB7F2427E0DCAD005CF45D /* AnimationDemo.app */;
			productType = "com.apple.product-type.application";
		};
		4EAB7F3927E0DCAE005CF45D /* AnimationDemoTests */ = {
			isa = PBXNativeTarget;
			buildConfigurationList = 4EAB7F5127E0DCAF005CF45D /* Build configuration list for PBXNativeTarget "AnimationDemoTests" */;
			buildPhases = (
				4EAB7F3627E0DCAE005CF45D /* Sources */,
				4EAB7F3727E0DCAE005CF45D /* Frameworks */,
				4EAB7F3827E0DCAE005CF45D /* Resources */,
			);
			buildRules = (
			);
			dependencies = (
				4EAB7F3C27E0DCAE005CF45D /* PBXTargetDependency */,
			);
			name = AnimationDemoTests;
			productName = AnimationDemoTests;
			productReference = 4EAB7F3A27E0DCAE005CF45D /* AnimationDemoTests.xctest */;
			productType = "com.apple.product-type.bundle.unit-test";
		};
		4EAB7F4327E0DCAF005CF45D /* AnimationDemoUITests */ = {
			isa = PBXNativeTarget;
			buildConfigurationList = 4EAB7F5427E0DCAF005CF45D /* Build configuration list for PBXNativeTarget "AnimationDemoUITests" */;
			buildPhases = (
				4EAB7F4027E0DCAF005CF45D /* Sources */,
				4EAB7F4127E0DCAF005CF45D /* Frameworks */,
				4EAB7F4227E0DCAF005CF45D /* Resources */,
			);
			buildRules = (
			);
			dependencies = (
				4EAB7F4627E0DCAF005CF45D /* PBXTargetDependency */,
			);
			name = AnimationDemoUITests;
			productName = AnimationDemoUITests;
			productReference = 4EAB7F4427E0DCAF005CF45D /* AnimationDemoUITests.xctest */;
			productType = "com.apple.product-type.bundle.ui-testing";
		};
/* End PBXNativeTarget section */

/* Begin PBXProject section */
		4EAB7F1C27E0DCAD005CF45D /* Project object */ = {
			isa = PBXProject;
			attributes = {
				BuildIndependentTargetsInParallel = 1;
				LastSwiftUpdateCheck = 1320;
				LastUpgradeCheck = 1320;
				TargetAttributes = {
					4EAB7F2327E0DCAD005CF45D = {
						CreatedOnToolsVersion = 13.2.1;
					};
					4EAB7F3927E0DCAE005CF45D = {
						CreatedOnToolsVersion = 13.2.1;
						TestTargetID = 4EAB7F2327E0DCAD005CF45D;
					};
					4EAB7F4327E0DCAF005CF45D = {
						CreatedOnToolsVersion = 13.2.1;
						TestTargetID = 4EAB7F2327E0DCAD005CF45D;
					};
				};
			};
			buildConfigurationList = 4EAB7F1F27E0DCAD005CF45D /* Build configuration list for PBXProject "AnimationDemo" */;
			compatibilityVersion = "Xcode 13.0";
			developmentRegion = en;
			hasScannedForEncodings = 0;
			knownRegions = (
				en,
				Base,
			);
			mainGroup = 4EAB7F1B27E0DCAD005CF45D;
			productRefGroup = 4EAB7F2527E0DCAD005CF45D /* Products */;
			projectDirPath = "";
			projectRoot = "";
			targets = (
				4EAB7F2327E0DCAD005CF45D /* AnimationDemo */,
				4EAB7F3927E0DCAE005CF45D /* AnimationDemoTests */,
				4EAB7F4327E0DCAF005CF45D /* AnimationDemoUITests */,
			);
		};
/* End PBXProject section */

/* Begin PBXResourcesBuildPhase section */
		4EAB7F2227E0DCAD005CF45D /* Resources */ = {
			isa = PBXResourcesBuildPhase;
			buildActionMask = 2147483647;
			files = (
				4EAB7F3427E0DCAE005CF45D /* LaunchScreen.storyboard in Resources */,
				4EAB7F3127E0DCAE005CF45D /* Assets.xcassets in Resources */,
				4EAB7F2F27E0DCAD005CF45D /* Main.storyboard in Resources */,
			);
			runOnlyForDeploymentPostprocessing = 0;
		};
		4EAB7F3827E0DCAE005CF45D /* Resources */ = {
			isa = PBXResourcesBuildPhase;
			buildActionMask = 2147483647;
			files = (
			);
			runOnlyForDeploymentPostprocessing = 0;
		};
		4EAB7F4227E0DCAF005CF45D /* Resources */ = {
			isa = PBXResourcesBuildPhase;
			buildActionMask = 2147483647;
			files = (
			);
			runOnlyForDeploymentPostprocessing = 0;
		};
/* End PBXResourcesBuildPhase section */

/* Begin PBXSourcesBuildPhase section */
		4EAB7F2027E0DCAD005CF45D /* Sources */ = {
			isa = PBXSourcesBuildPhase;
			buildActionMask = 2147483647;
			files = (
				4EAB7F2C27E0DCAD005CF45D /* ViewController.swift in Sources */,
				4EAB7F2827E0DCAD005CF45D /* AppDelegate.swift in Sources */,
				4EAB7F2A27E0DCAD005CF45D /* SceneDelegate.swift in Sources */,
			);
			runOnlyForDeploymentPostprocessing = 0;
		};
		4EAB7F3627E0DCAE005CF45D /* Sources */ = {
			isa = PBXSourcesBuildPhase;
			buildActionMask = 2147483647;
			files = (
				4EAB7F3F27E0DCAE005CF45D /* AnimationDemoTests.swift in Sources */,
			);
			runOnlyForDeploymentPostprocessing = 0;
		};
		4EAB7F4027E0DCAF005CF45D /* Sources */ = {
			isa = PBXSourcesBuildPhase;
			buildActionMask = 2147483647;
			files = (
				4EAB7F4B27E0DCAF005CF45D /* AnimationDemoUITestsLaunchTests.swift in Sources */,
				4EAB7F4927E0DCAF005CF45D /* AnimationDemoUITests.swift in Sources */,
			);
			runOnlyForDeploymentPostprocessing = 0;
		};
/* End PBXSourcesBuildPhase section */

/* Begin PBXTargetDependency section */
		4EAB7F3C27E0DCAE005CF45D /* PBXTargetDependency */ = {
			isa = PBXTargetDependency;
			target = 4EAB7F2327E0DCAD005CF45D /* AnimationDemo */;
			targetProxy = 4EAB7F3B27E0DCAE005CF45D /* PBXContainerItemProxy */;
		};
		4EAB7F4627E0DCAF005CF45D /* PBXTargetDependency */ = {
			isa = PBXTargetDependency;
			target = 4EAB7F2327E0DCAD005CF45D /* AnimationDemo */;
			targetProxy = 4EAB7F4527E0DCAF005CF45D /* PBXContainerItemProxy */;
		};
/* End PBXTargetDependency section */

/* Begin PBXVariantGroup section */
		4EAB7F2D27E0DCAD005CF45D /* Main.storyboard */ = {
			isa = PBXVariantGroup;
			children = (
				4EAB7F2E27E0DCAD005CF45D /* Base */,
			);
			name = Main.storyboard;
			sourceTree = "<group>";
		};
		4EAB7F3227E0DCAE005CF45D /* LaunchScreen.storyboard */ = {
			isa = PBXVariantGroup;
			children = (
				4EAB7F3327E0DCAE005CF45D /* Base */,
			);
			name = LaunchScreen.storyboard;
			sourceTree = "<group>";
		};
/* End PBXVariantGroup section */

/* Begin XCBuildConfiguration section */
		4EAB7F4C27E0DCAF005CF45D /* Debug */ = {
			isa = XCBuildConfiguration;
			buildSettings = {
				ALWAYS_SEARCH_USER_PATHS = NO;
				CLANG_ANALYZER_NONNULL = YES;
				CLANG_ANALYZER_NUMBER_OBJECT_CONVERSION = YES_AGGRESSIVE;
				CLANG_CXX_LANGUAGE_STANDARD = "gnu++17";
				CLANG_CXX_LIBRARY = "libc++";
				CLANG_ENABLE_MODULES = YES;
				CLANG_ENABLE_OBJC_ARC = YES;
				CLANG_ENABLE_OBJC_WEAK = YES;
				CLANG_WARN_BLOCK_CAPTURE_AUTORELEASING = YES;
				CLANG_WARN_BOOL_CONVERSION = YES;
				CLANG_WARN_COMMA = YES;
				CLANG_WARN_CONSTANT_CONVERSION = YES;
				CLANG_WARN_DEPRECATED_OBJC_IMPLEMENTATIONS = YES;
				CLANG_WARN_DIRECT_OBJC_ISA_USAGE = YES_ERROR;
				CLANG_WARN_DOCUMENTATION_COMMENTS = YES;
				CLANG_WARN_EMPTY_BODY = YES;
				CLANG_WARN_ENUM_CONVERSION = YES;
				CLANG_WARN_INFINITE_RECURSION = YES;
				CLANG_WARN_INT_CONVERSION = YES;
				CLANG_WARN_NON_LITERAL_NULL_CONVERSION = YES;
				CLANG_WARN_OBJC_IMPLICIT_RETAIN_SELF = YES;
				CLANG_WARN_OBJC_LITERAL_CONVERSION = YES;
				CLANG_WARN_OBJC_ROOT_CLASS = YES_ERROR;
				CLANG_WARN_QUOTED_INCLUDE_IN_FRAMEWORK_HEADER = YES;
				CLANG_WARN_RANGE_LOOP_ANALYSIS = YES;
				CLANG_WARN_STRICT_PROTOTYPES = YES;
				CLANG_WARN_SUSPICIOUS_MOVE = YES;
				CLANG_WARN_UNGUARDED_AVAILABILITY = YES_AGGRESSIVE;
				CLANG_WARN_UNREACHABLE_CODE = YES;
				CLANG_WARN__DUPLICATE_METHOD_MATCH = YES;
				COPY_PHASE_STRIP = NO;
				DEBUG_INFORMATION_FORMAT = dwarf;
				ENABLE_STRICT_OBJC_MSGSEND = YES;
				ENABLE_TESTABILITY = YES;
				GCC_C_LANGUAGE_STANDARD = gnu11;
				GCC_DYNAMIC_NO_PIC = NO;
				GCC_NO_COMMON_BLOCKS = YES;
				GCC_OPTIMIZATION_LEVEL = 0;
				GCC_PREPROCESSOR_DEFINITIONS = (
					"DEBUG=1",
					"$(inherited)",
				);
				GCC_WARN_64_TO_32_BIT_CONVERSION = YES;
				GCC_WARN_ABOUT_RETURN_TYPE = YES_ERROR;
				GCC_WARN_UNDECLARED_SELECTOR = YES;
				GCC_WARN_UNINITIALIZED_AUTOS = YES_AGGRESSIVE;
				GCC_WARN_UNUSED_FUNCTION = YES;
				GCC_WARN_UNUSED_VARIABLE = YES;
				IPHONEOS_DEPLOYMENT_TARGET = 15.2;
				MTL_ENABLE_DEBUG_INFO = INCLUDE_SOURCE;
				MTL_FAST_MATH = YES;
				ONLY_ACTIVE_ARCH = YES;
				SDKROOT = iphoneos;
				SWIFT_ACTIVE_COMPILATION_CONDITIONS = DEBUG;
				SWIFT_OPTIMIZATION_LEVEL = "-Onone";
			};
			name = Debug;
		};
		4EAB7F4D27E0DCAF005CF45D /* Release */ = {
			isa = XCBuildConfiguration;
			buildSettings = {
				ALWAYS_SEARCH_USER_PATHS = NO;
				CLANG_ANALYZER_NONNULL = YES;
				CLANG_ANALYZER_NUMBER_OBJECT_CONVERSION = YES_AGGRESSIVE;
				CLANG_CXX_LANGUAGE_STANDARD = "gnu++17";
				CLANG_CXX_LIBRARY = "libc++";
				CLANG_ENABLE_MODULES = YES;
				CLANG_ENABLE_OBJC_ARC = YES;
				CLANG_ENABLE_OBJC_WEAK = YES;
				CLANG_WARN_BLOCK_CAPTURE_AUTORELEASING = YES;
				CLANG_WARN_BOOL_CONVERSION = YES;
				CLANG_WARN_COMMA = YES;
				CLANG_WARN_CONSTANT_CONVERSION = YES;
				CLANG_WARN_DEPRECATED_OBJC_IMPLEMENTATIONS = YES;
				CLANG_WARN_DIRECT_OBJC_ISA_USAGE = YES_ERROR;
				CLANG_WARN_DOCUMENTATION_COMMENTS = YES;
				CLANG_WARN_EMPTY_BODY = YES;
				CLANG_WARN_ENUM_CONVERSION = YES;
				CLANG_WARN_INFINITE_RECURSION = YES;
				CLANG_WARN_INT_CONVERSION = YES;
				CLANG_WARN_NON_LITERAL_NULL_CONVERSION = YES;
				CLANG_WARN_OBJC_IMPLICIT_RETAIN_SELF = YES;
				CLANG_WARN_OBJC_LITERAL_CONVERSION = YES;
				CLANG_WARN_OBJC_ROOT_CLASS = YES_ERROR;
				CLANG_WARN_QUOTED_INCLUDE_IN_FRAMEWORK_HEADER = YES;
				CLANG_WARN_RANGE_LOOP_ANALYSIS = YES;
				CLANG_WARN_STRICT_PROTOTYPES = YES;
				CLANG_WARN_SUSPICIOUS_MOVE = YES;
				CLANG_WARN_UNGUARDED_AVAILABILITY = YES_AGGRESSIVE;
				CLANG_WARN_UNREACHABLE_CODE = YES;
				CLANG_WARN__DUPLICATE_METHOD_MATCH = YES;
				COPY_PHASE_STRIP = NO;
				DEBUG_INFORMATION_FORMAT = "dwarf-with-dsym";
				ENABLE_NS_ASSERTIONS = NO;
				ENABLE_STRICT_OBJC_MSGSEND = YES;
				GCC_C_LANGUAGE_STANDARD = gnu11;
				GCC_NO_COMMON_BLOCKS = YES;
				GCC_WARN_64_TO_32_BIT_CONVERSION = YES;
				GCC_WARN_ABOUT_RETURN_TYPE = YES_ERROR;
				GCC_WARN_UNDECLARED_SELECTOR = YES;
				GCC_WARN_UNINITIALIZED_AUTOS = YES_AGGRESSIVE;
				GCC_WARN_UNUSED_FUNCTION = YES;
				GCC_WARN_UNUSED_VARIABLE = YES;
				IPHONEOS_DEPLOYMENT_TARGET = 15.2;
				MTL_ENABLE_DEBUG_INFO = NO;
				MTL_FAST_MATH = YES;
				SDKROOT = iphoneos;
				SWIFT_COMPILATION_MODE = wholemodule;
				SWIFT_OPTIMIZATION_LEVEL = "-O";
				VALIDATE_PRODUCT = YES;
			};
			name = Release;
		};
		4EAB7F4F27E0DCAF005CF45D /* Debug */ = {
			isa = XCBuildConfiguration;
			buildSettings = {
				ASSETCATALOG_COMPILER_APPICON_NAME = AppIcon;
				ASSETCATALOG_COMPILER_GLOBAL_ACCENT_COLOR_NAME = AccentColor;
				CODE_SIGN_STYLE = Automatic;
				CURRENT_PROJECT_VERSION = 1;
				GENERATE_INFOPLIST_FILE = YES;
				INFOPLIST_FILE = AnimationDemo/Info.plist;
				INFOPLIST_KEY_CFBundleDisplayName = AnimationDemo;
				INFOPLIST_KEY_UIApplicationSupportsIndirectInputEvents = YES;
				INFOPLIST_KEY_UILaunchStoryboardName = LaunchScreen;
				INFOPLIST_KEY_UIMainStoryboardFile = Main;
				INFOPLIST_KEY_UISupportedInterfaceOrientations_iPad = "UIInterfaceOrientationPortrait UIInterfaceOrientationPortraitUpsideDown UIInterfaceOrientationLandscapeLeft UIInterfaceOrientationLandscapeRight";
				INFOPLIST_KEY_UISupportedInterfaceOrientations_iPhone = "UIInterfaceOrientationPortrait UIInterfaceOrientationLandscapeLeft UIInterfaceOrientationLandscapeRight";
				LD_RUNPATH_SEARCH_PATHS = (
					"$(inherited)",
					"@executable_path/Frameworks",
				);
				MARKETING_VERSION = 1.0;
				PRODUCT_BUNDLE_IDENTIFIER = Nwmsu.AnimationDemo;
				PRODUCT_NAME = "$(TARGET_NAME)";
				SWIFT_EMIT_LOC_STRINGS = YES;
				SWIFT_VERSION = 5.0;
				TARGETED_DEVICE_FAMILY = "1,2";
			};
			name = Debug;
		};
		4EAB7F5027E0DCAF005CF45D /* Release */ = {
			isa = XCBuildConfiguration;
			buildSettings = {
				ASSETCATALOG_COMPILER_APPICON_NAME = AppIcon;
				ASSETCATALOG_COMPILER_GLOBAL_ACCENT_COLOR_NAME = AccentColor;
				CODE_SIGN_STYLE = Automatic;
				CURRENT_PROJECT_VERSION = 1;
				GENERATE_INFOPLIST_FILE = YES;
				INFOPLIST_FILE = AnimationDemo/Info.plist;
				INFOPLIST_KEY_CFBundleDisplayName = AnimationDemo;
				INFOPLIST_KEY_UIApplicationSupportsIndirectInputEvents = YES;
				INFOPLIST_KEY_UILaunchStoryboardName = LaunchScreen;
				INFOPLIST_KEY_UIMainStoryboardFile = Main;
				INFOPLIST_KEY_UISupportedInterfaceOrientations_iPad = "UIInterfaceOrientationPortrait UIInterfaceOrientationPortraitUpsideDown UIInterfaceOrientationLandscapeLeft UIInterfaceOrientationLandscapeRight";
				INFOPLIST_KEY_UISupportedInterfaceOrientations_iPhone = "UIInterfaceOrientationPortrait UIInterfaceOrientationLandscapeLeft UIInterfaceOrientationLandscapeRight";
				LD_RUNPATH_SEARCH_PATHS = (
					"$(inherited)",
					"@executable_path/Frameworks",
				);
				MARKETING_VERSION = 1.0;
				PRODUCT_BUNDLE_IDENTIFIER = Nwmsu.AnimationDemo;
				PRODUCT_NAME = "$(TARGET_NAME)";
				SWIFT_EMIT_LOC_STRINGS = YES;
				SWIFT_VERSION = 5.0;
				TARGETED_DEVICE_FAMILY = "1,2";
			};
			name = Release;
		};
		4EAB7F5227E0DCAF005CF45D /* Debug */ = {
			isa = XCBuildConfiguration;
			buildSettings = {
				ALWAYS_EMBED_SWIFT_STANDARD_LIBRARIES = YES;
				BUNDLE_LOADER = "$(TEST_HOST)";
				CODE_SIGN_STYLE = Automatic;
				CURRENT_PROJECT_VERSION = 1;
				GENERATE_INFOPLIST_FILE = YES;
				IPHONEOS_DEPLOYMENT_TARGET = 15.2;
				MARKETING_VERSION = 1.0;
				PRODUCT_BUNDLE_IDENTIFIER = Nwmsu.AnimationDemoTests;
				PRODUCT_NAME = "$(TARGET_NAME)";
				SWIFT_EMIT_LOC_STRINGS = NO;
				SWIFT_VERSION = 5.0;
				TARGETED_DEVICE_FAMILY = "1,2";
				TEST_HOST = "$(BUILT_PRODUCTS_DIR)/AnimationDemo.app/AnimationDemo";
			};
			name = Debug;
		};
		4EAB7F5327E0DCAF005CF45D /* Release */ = {
			isa = XCBuildConfiguration;
			buildSettings = {
				ALWAYS_EMBED_SWIFT_STANDARD_LIBRARIES = YES;
				BUNDLE_LOADER = "$(TEST_HOST)";
				CODE_SIGN_STYLE = Automatic;
				CURRENT_PROJECT_VERSION = 1;
				GENERATE_INFOPLIST_FILE = YES;
				IPHONEOS_DEPLOYMENT_TARGET = 15.2;
				MARKETING_VERSION = 1.0;
				PRODUCT_BUNDLE_IDENTIFIER = Nwmsu.AnimationDemoTests;
				PRODUCT_NAME = "$(TARGET_NAME)";
				SWIFT_EMIT_LOC_STRINGS = NO;
				SWIFT_VERSION = 5.0;
				TARGETED_DEVICE_FAMILY = "1,2";
				TEST_HOST = "$(BUILT_PRODUCTS_DIR)/AnimationDemo.app/AnimationDemo";
			};
			name = Release;
		};
		4EAB7F5527E0DCAF005CF45D /* Debug */ = {
			isa = XCBuildConfiguration;
			buildSettings = {
				ALWAYS_EMBED_SWIFT_STANDARD_LIBRARIES = YES;
				CODE_SIGN_STYLE = Automatic;
				CURRENT_PROJECT_VERSION = 1;
				GENERATE_INFOPLIST_FILE = YES;
				MARKETING_VERSION = 1.0;
				PRODUCT_BUNDLE_IDENTIFIER = Nwmsu.AnimationDemoUITests;
				PRODUCT_NAME = "$(TARGET_NAME)";
				SWIFT_EMIT_LOC_STRINGS = NO;
				SWIFT_VERSION = 5.0;
				TARGETED_DEVICE_FAMILY = "1,2";
				TEST_TARGET_NAME = AnimationDemo;
			};
			name = Debug;
		};
		4EAB7F5627E0DCAF005CF45D /* Release */ = {
			isa = XCBuildConfiguration;
			buildSettings = {
				ALWAYS_EMBED_SWIFT_STANDARD_LIBRARIES = YES;
				CODE_SIGN_STYLE = Automatic;
				CURRENT_PROJECT_VERSION = 1;
				GENERATE_INFOPLIST_FILE = YES;
				MARKETING_VERSION = 1.0;
				PRODUCT_BUNDLE_IDENTIFIER = Nwmsu.AnimationDemoUITests;
				PRODUCT_NAME = "$(TARGET_NAME)";
				SWIFT_EMIT_LOC_STRINGS = NO;
				SWIFT_VERSION = 5.0;
				TARGETED_DEVICE_FAMILY = "1,2";
				TEST_TARGET_NAME = AnimationDemo;
			};
			name = Release;
		};
/* End XCBuildConfiguration section */

/* Begin XCConfigurationList section */
		4EAB7F1F27E0DCAD005CF45D /* Build configuration list for PBXProject "AnimationDemo" */ = {
			isa = XCConfigurationList;
			buildConfigurations = (
				4EAB7F4C27E0DCAF005CF45D /* Debug */,
				4EAB7F4D27E0DCAF005CF45D /* Release */,
			);
			defaultConfigurationIsVisible = 0;
			defaultConfigurationName = Release;
		};
		4EAB7F4E27E0DCAF005CF45D /* Build configuration list for PBXNativeTarget "AnimationDemo" */ = {
			isa = XCConfigurationList;
			buildConfigurations = (
				4EAB7F4F27E0DCAF005CF45D /* Debug */,
				4EAB7F5027E0DCAF005CF45D /* Release */,
			);
			defaultConfigurationIsVisible = 0;
			defaultConfigurationName = Release;
		};
		4EAB7F5127E0DCAF005CF45D /* Build configuration list for PBXNativeTarget "AnimationDemoTests" */ = {
			isa = XCConfigurationList;
			buildConfigurations = (
				4EAB7F5227E0DCAF005CF45D /* Debug */,
				4EAB7F5327E0DCAF005CF45D /* Release */,
			);
			defaultConfigurationIsVisible = 0;
			defaultConfigurationName = Release;
		};
		4EAB7F5427E0DCAF005CF45D /* Build configuration list for PBXNativeTarget "AnimationDemoUITests" */ = {
			isa = XCConfigurationList;
			buildConfigurations = (
				4EAB7F5527E0DCAF005CF45D /* Debug */,
				4EAB7F5627E0DCAF005CF45D /* Release */,
			);
			defaultConfigurationIsVisible = 0;
			defaultConfigurationName = Release;
		};
/* End XCConfigurationList section */
	};
	rootObject = 4EAB7F1C27E0DCAD005CF45D /* Project object */;
}
