// !$*UTF8*$!
{
	archiveVersion = 1;
	classes = {
	};
	objectVersion = 55;
	objects = {

/* Begin PBXBuildFile section */
		4EBB948927A73EFD008BBA0D /* AppDelegate.swift in Sources */ = {isa = PBXBuildFile; fileRef = 4EBB948827A73EFD008BBA0D /* AppDelegate.swift */; };
		4EBB948B27A73EFD008BBA0D /* SceneDelegate.swift in Sources */ = {isa = PBXBuildFile; fileRef = 4EBB948A27A73EFD008BBA0D /* SceneDelegate.swift */; };
		4EBB948D27A73EFD008BBA0D /* ViewController.swift in Sources */ = {isa = PBXBuildFile; fileRef = 4EBB948C27A73EFD008BBA0D /* ViewController.swift */; };
		4EBB949027A73EFD008BBA0D /* Main.storyboard in Resources */ = {isa = PBXBuildFile; fileRef = 4EBB948E27A73EFD008BBA0D /* Main.storyboard */; };
		4EBB949227A73F00008BBA0D /* Assets.xcassets in Resources */ = {isa = PBXBuildFile; fileRef = 4EBB949127A73F00008BBA0D /* Assets.xcassets */; };
		4EBB949527A73F00008BBA0D /* LaunchScreen.storyboard in Resources */ = {isa = PBXBuildFile; fileRef = 4EBB949327A73F00008BBA0D /* LaunchScreen.storyboard */; };
		4EBB94A027A73F01008BBA0D /* Devanaboyina_ManeeshTests.swift in Sources */ = {isa = PBXBuildFile; fileRef = 4EBB949F27A73F01008BBA0D /* Devanaboyina_ManeeshTests.swift */; };
		4EBB94AA27A73F01008BBA0D /* Devanaboyina_ManeeshUITests.swift in Sources */ = {isa = PBXBuildFile; fileRef = 4EBB94A927A73F01008BBA0D /* Devanaboyina_ManeeshUITests.swift */; };
		4EBB94AC27A73F01008BBA0D /* Devanaboyina_ManeeshUITestsLaunchTests.swift in Sources */ = {isa = PBXBuildFile; fileRef = 4EBB94AB27A73F01008BBA0D /* Devanaboyina_ManeeshUITestsLaunchTests.swift */; };
/* End PBXBuildFile section */

/* Begin PBXContainerItemProxy section */
		4EBB949C27A73F01008BBA0D /* PBXContainerItemProxy */ = {
			isa = PBXContainerItemProxy;
			containerPortal = 4EBB947D27A73EFD008BBA0D /* Project object */;
			proxyType = 1;
			remoteGlobalIDString = 4EBB948427A73EFD008BBA0D;
			remoteInfo = Devanaboyina_Maneesh;
		};
		4EBB94A627A73F01008BBA0D /* PBXContainerItemProxy */ = {
			isa = PBXContainerItemProxy;
			containerPortal = 4EBB947D27A73EFD008BBA0D /* Project object */;
			proxyType = 1;
			remoteGlobalIDString = 4EBB948427A73EFD008BBA0D;
			remoteInfo = Devanaboyina_Maneesh;
		};
/* End PBXContainerItemProxy section */

/* Begin PBXFileReference section */
		4EBB948527A73EFD008BBA0D /* Devanaboyina_Maneesh.app */ = {isa = PBXFileReference; explicitFileType = wrapper.application; includeInIndex = 0; path = Devanaboyina_Maneesh.app; sourceTree = BUILT_PRODUCTS_DIR; };
		4EBB948827A73EFD008BBA0D /* AppDelegate.swift */ = {isa = PBXFileReference; lastKnownFileType = sourcecode.swift; path = AppDelegate.swift; sourceTree = "<group>"; };
		4EBB948A27A73EFD008BBA0D /* SceneDelegate.swift */ = {isa = PBXFileReference; lastKnownFileType = sourcecode.swift; path = SceneDelegate.swift; sourceTree = "<group>"; };
		4EBB948C27A73EFD008BBA0D /* ViewController.swift */ = {isa = PBXFileReference; lastKnownFileType = sourcecode.swift; path = ViewController.swift; sourceTree = "<group>"; };
		4EBB948F27A73EFD008BBA0D /* Base */ = {isa = PBXFileReference; lastKnownFileType = file.storyboard; name = Base; path = Base.lproj/Main.storyboard; sourceTree = "<group>"; };
		4EBB949127A73F00008BBA0D /* Assets.xcassets */ = {isa = PBXFileReference; lastKnownFileType = folder.assetcatalog; path = Assets.xcassets; sourceTree = "<group>"; };
		4EBB949427A73F00008BBA0D /* Base */ = {isa = PBXFileReference; lastKnownFileType = file.storyboard; name = Base; path = Base.lproj/LaunchScreen.storyboard; sourceTree = "<group>"; };
		4EBB949627A73F00008BBA0D /* Info.plist */ = {isa = PBXFileReference; lastKnownFileType = text.plist.xml; path = Info.plist; sourceTree = "<group>"; };
		4EBB949B27A73F01008BBA0D /* Devanaboyina_ManeeshTests.xctest */ = {isa = PBXFileReference; explicitFileType = wrapper.cfbundle; includeInIndex = 0; path = Devanaboyina_ManeeshTests.xctest; sourceTree = BUILT_PRODUCTS_DIR; };
		4EBB949F27A73F01008BBA0D /* Devanaboyina_ManeeshTests.swift */ = {isa = PBXFileReference; lastKnownFileType = sourcecode.swift; path = Devanaboyina_ManeeshTests.swift; sourceTree = "<group>"; };
		4EBB94A527A73F01008BBA0D /* Devanaboyina_ManeeshUITests.xctest */ = {isa = PBXFileReference; explicitFileType = wrapper.cfbundle; includeInIndex = 0; path = Devanaboyina_ManeeshUITests.xctest; sourceTree = BUILT_PRODUCTS_DIR; };
		4EBB94A927A73F01008BBA0D /* Devanaboyina_ManeeshUITests.swift */ = {isa = PBXFileReference; lastKnownFileType = sourcecode.swift; path = Devanaboyina_ManeeshUITests.swift; sourceTree = "<group>"; };
		4EBB94AB27A73F01008BBA0D /* Devanaboyina_ManeeshUITestsLaunchTests.swift */ = {isa = PBXFileReference; lastKnownFileType = sourcecode.swift; path = Devanaboyina_ManeeshUITestsLaunchTests.swift; sourceTree = "<group>"; };
/* End PBXFileReference section */

/* Begin PBXFrameworksBuildPhase section */
		4EBB948227A73EFD008BBA0D /* Frameworks */ = {
			isa = PBXFrameworksBuildPhase;
			buildActionMask = 2147483647;
			files = (
			);
			runOnlyForDeploymentPostprocessing = 0;
		};
		4EBB949827A73F01008BBA0D /* Frameworks */ = {
			isa = PBXFrameworksBuildPhase;
			buildActionMask = 2147483647;
			files = (
			);
			runOnlyForDeploymentPostprocessing = 0;
		};
		4EBB94A227A73F01008BBA0D /* Frameworks */ = {
			isa = PBXFrameworksBuildPhase;
			buildActionMask = 2147483647;
			files = (
			);
			runOnlyForDeploymentPostprocessing = 0;
		};
/* End PBXFrameworksBuildPhase section */

/* Begin PBXGroup section */
		4EBB947C27A73EFD008BBA0D = {
			isa = PBXGroup;
			children = (
				4EBB948727A73EFD008BBA0D /* Devanaboyina_Maneesh */,
				4EBB949E27A73F01008BBA0D /* Devanaboyina_ManeeshTests */,
				4EBB94A827A73F01008BBA0D /* Devanaboyina_ManeeshUITests */,
				4EBB948627A73EFD008BBA0D /* Products */,
			);
			sourceTree = "<group>";
		};
		4EBB948627A73EFD008BBA0D /* Products */ = {
			isa = PBXGroup;
			children = (
				4EBB948527A73EFD008BBA0D /* Devanaboyina_Maneesh.app */,
				4EBB949B27A73F01008BBA0D /* Devanaboyina_ManeeshTests.xctest */,
				4EBB94A527A73F01008BBA0D /* Devanaboyina_ManeeshUITests.xctest */,
			);
			name = Products;
			sourceTree = "<group>";
		};
		4EBB948727A73EFD008BBA0D /* Devanaboyina_Maneesh */ = {
			isa = PBXGroup;
			children = (
				4EBB948827A73EFD008BBA0D /* AppDelegate.swift */,
				4EBB948A27A73EFD008BBA0D /* SceneDelegate.swift */,
				4EBB948C27A73EFD008BBA0D /* ViewController.swift */,
				4EBB948E27A73EFD008BBA0D /* Main.storyboard */,
				4EBB949127A73F00008BBA0D /* Assets.xcassets */,
				4EBB949327A73F00008BBA0D /* LaunchScreen.storyboard */,
				4EBB949627A73F00008BBA0D /* Info.plist */,
			);
			path = Devanaboyina_Maneesh;
			sourceTree = "<group>";
		};
		4EBB949E27A73F01008BBA0D /* Devanaboyina_ManeeshTests */ = {
			isa = PBXGroup;
			children = (
				4EBB949F27A73F01008BBA0D /* Devanaboyina_ManeeshTests.swift */,
			);
			path = Devanaboyina_ManeeshTests;
			sourceTree = "<group>";
		};
		4EBB94A827A73F01008BBA0D /* Devanaboyina_ManeeshUITests */ = {
			isa = PBXGroup;
			children = (
				4EBB94A927A73F01008BBA0D /* Devanaboyina_ManeeshUITests.swift */,
				4EBB94AB27A73F01008BBA0D /* Devanaboyina_ManeeshUITestsLaunchTests.swift */,
			);
			path = Devanaboyina_ManeeshUITests;
			sourceTree = "<group>";
		};
/* End PBXGroup section */

/* Begin PBXNativeTarget section */
		4EBB948427A73EFD008BBA0D /* Devanaboyina_Maneesh */ = {
			isa = PBXNativeTarget;
			buildConfigurationList = 4EBB94AF27A73F01008BBA0D /* Build configuration list for PBXNativeTarget "Devanaboyina_Maneesh" */;
			buildPhases = (
				4EBB948127A73EFD008BBA0D /* Sources */,
				4EBB948227A73EFD008BBA0D /* Frameworks */,
				4EBB948327A73EFD008BBA0D /* Resources */,
			);
			buildRules = (
			);
			dependencies = (
			);
			name = Devanaboyina_Maneesh;
			productName = Devanaboyina_Maneesh;
			productReference = 4EBB948527A73EFD008BBA0D /* Devanaboyina_Maneesh.app */;
			productType = "com.apple.product-type.application";
		};
		4EBB949A27A73F01008BBA0D /* Devanaboyina_ManeeshTests */ = {
			isa = PBXNativeTarget;
			buildConfigurationList = 4EBB94B227A73F01008BBA0D /* Build configuration list for PBXNativeTarget "Devanaboyina_ManeeshTests" */;
			buildPhases = (
				4EBB949727A73F01008BBA0D /* Sources */,
				4EBB949827A73F01008BBA0D /* Frameworks */,
				4EBB949927A73F01008BBA0D /* Resources */,
			);
			buildRules = (
			);
			dependencies = (
				4EBB949D27A73F01008BBA0D /* PBXTargetDependency */,
			);
			name = Devanaboyina_ManeeshTests;
			productName = Devanaboyina_ManeeshTests;
			productReference = 4EBB949B27A73F01008BBA0D /* Devanaboyina_ManeeshTests.xctest */;
			productType = "com.apple.product-type.bundle.unit-test";
		};
		4EBB94A427A73F01008BBA0D /* Devanaboyina_ManeeshUITests */ = {
			isa = PBXNativeTarget;
			buildConfigurationList = 4EBB94B527A73F01008BBA0D /* Build configuration list for PBXNativeTarget "Devanaboyina_ManeeshUITests" */;
			buildPhases = (
				4EBB94A127A73F01008BBA0D /* Sources */,
				4EBB94A227A73F01008BBA0D /* Frameworks */,
				4EBB94A327A73F01008BBA0D /* Resources */,
			);
			buildRules = (
			);
			dependencies = (
				4EBB94A727A73F01008BBA0D /* PBXTargetDependency */,
			);
			name = Devanaboyina_ManeeshUITests;
			productName = Devanaboyina_ManeeshUITests;
			productReference = 4EBB94A527A73F01008BBA0D /* Devanaboyina_ManeeshUITests.xctest */;
			productType = "com.apple.product-type.bundle.ui-testing";
		};
/* End PBXNativeTarget section */

/* Begin PBXProject section */
		4EBB947D27A73EFD008BBA0D /* Project object */ = {
			isa = PBXProject;
			attributes = {
				BuildIndependentTargetsInParallel = 1;
				LastSwiftUpdateCheck = 1320;
				LastUpgradeCheck = 1320;
				TargetAttributes = {
					4EBB948427A73EFD008BBA0D = {
						CreatedOnToolsVersion = 13.2.1;
					};
					4EBB949A27A73F01008BBA0D = {
						CreatedOnToolsVersion = 13.2.1;
						TestTargetID = 4EBB948427A73EFD008BBA0D;
					};
					4EBB94A427A73F01008BBA0D = {
						CreatedOnToolsVersion = 13.2.1;
						TestTargetID = 4EBB948427A73EFD008BBA0D;
					};
				};
			};
			buildConfigurationList = 4EBB948027A73EFD008BBA0D /* Build configuration list for PBXProject "Devanaboyina_Maneesh" */;
			compatibilityVersion = "Xcode 13.0";
			developmentRegion = en;
			hasScannedForEncodings = 0;
			knownRegions = (
				en,
				Base,
			);
			mainGroup = 4EBB947C27A73EFD008BBA0D;
			productRefGroup = 4EBB948627A73EFD008BBA0D /* Products */;
			projectDirPath = "";
			projectRoot = "";
			targets = (
				4EBB948427A73EFD008BBA0D /* Devanaboyina_Maneesh */,
				4EBB949A27A73F01008BBA0D /* Devanaboyina_ManeeshTests */,
				4EBB94A427A73F01008BBA0D /* Devanaboyina_ManeeshUITests */,
			);
		};
/* End PBXProject section */

/* Begin PBXResourcesBuildPhase section */
		4EBB948327A73EFD008BBA0D /* Resources */ = {
			isa = PBXResourcesBuildPhase;
			buildActionMask = 2147483647;
			files = (
				4EBB949527A73F00008BBA0D /* LaunchScreen.storyboard in Resources */,
				4EBB949227A73F00008BBA0D /* Assets.xcassets in Resources */,
				4EBB949027A73EFD008BBA0D /* Main.storyboard in Resources */,
			);
			runOnlyForDeploymentPostprocessing = 0;
		};
		4EBB949927A73F01008BBA0D /* Resources */ = {
			isa = PBXResourcesBuildPhase;
			buildActionMask = 2147483647;
			files = (
			);
			runOnlyForDeploymentPostprocessing = 0;
		};
		4EBB94A327A73F01008BBA0D /* Resources */ = {
			isa = PBXResourcesBuildPhase;
			buildActionMask = 2147483647;
			files = (
			);
			runOnlyForDeploymentPostprocessing = 0;
		};
/* End PBXResourcesBuildPhase section */

/* Begin PBXSourcesBuildPhase section */
		4EBB948127A73EFD008BBA0D /* Sources */ = {
			isa = PBXSourcesBuildPhase;
			buildActionMask = 2147483647;
			files = (
				4EBB948D27A73EFD008BBA0D /* ViewController.swift in Sources */,
				4EBB948927A73EFD008BBA0D /* AppDelegate.swift in Sources */,
				4EBB948B27A73EFD008BBA0D /* SceneDelegate.swift in Sources */,
			);
			runOnlyForDeploymentPostprocessing = 0;
		};
		4EBB949727A73F01008BBA0D /* Sources */ = {
			isa = PBXSourcesBuildPhase;
			buildActionMask = 2147483647;
			files = (
				4EBB94A027A73F01008BBA0D /* Devanaboyina_ManeeshTests.swift in Sources */,
			);
			runOnlyForDeploymentPostprocessing = 0;
		};
		4EBB94A127A73F01008BBA0D /* Sources */ = {
			isa = PBXSourcesBuildPhase;
			buildActionMask = 2147483647;
			files = (
				4EBB94AA27A73F01008BBA0D /* Devanaboyina_ManeeshUITests.swift in Sources */,
				4EBB94AC27A73F01008BBA0D /* Devanaboyina_ManeeshUITestsLaunchTests.swift in Sources */,
			);
			runOnlyForDeploymentPostprocessing = 0;
		};
/* End PBXSourcesBuildPhase section */

/* Begin PBXTargetDependency section */
		4EBB949D27A73F01008BBA0D /* PBXTargetDependency */ = {
			isa = PBXTargetDependency;
			target = 4EBB948427A73EFD008BBA0D /* Devanaboyina_Maneesh */;
			targetProxy = 4EBB949C27A73F01008BBA0D /* PBXContainerItemProxy */;
		};
		4EBB94A727A73F01008BBA0D /* PBXTargetDependency */ = {
			isa = PBXTargetDependency;
			target = 4EBB948427A73EFD008BBA0D /* Devanaboyina_Maneesh */;
			targetProxy = 4EBB94A627A73F01008BBA0D /* PBXContainerItemProxy */;
		};
/* End PBXTargetDependency section */

/* Begin PBXVariantGroup section */
		4EBB948E27A73EFD008BBA0D /* Main.storyboard */ = {
			isa = PBXVariantGroup;
			children = (
				4EBB948F27A73EFD008BBA0D /* Base */,
			);
			name = Main.storyboard;
			sourceTree = "<group>";
		};
		4EBB949327A73F00008BBA0D /* LaunchScreen.storyboard */ = {
			isa = PBXVariantGroup;
			children = (
				4EBB949427A73F00008BBA0D /* Base */,
			);
			name = LaunchScreen.storyboard;
			sourceTree = "<group>";
		};
/* End PBXVariantGroup section */

/* Begin XCBuildConfiguration section */
		4EBB94AD27A73F01008BBA0D /* Debug */ = {
			isa = XCBuildConfiguration;
			buildSettings = {
				ALWAYS_SEARCH_USER_PATHS = NO;
				CLANG_ANALYZER_NONNULL = YES;
				CLANG_ANALYZER_NUMBER_OBJECT_CONVERSION = YES_AGGRESSIVE;
				CLANG_CXX_LANGUAGE_STANDARD = "gnu++17";
				CLANG_CXX_LIBRARY = "libc++";
				CLANG_ENABLE_MODULES = YES;
				CLANG_ENABLE_OBJC_ARC = YES;
				CLANG_ENABLE_OBJC_WEAK = YES;
				CLANG_WARN_BLOCK_CAPTURE_AUTORELEASING = YES;
				CLANG_WARN_BOOL_CONVERSION = YES;
				CLANG_WARN_COMMA = YES;
				CLANG_WARN_CONSTANT_CONVERSION = YES;
				CLANG_WARN_DEPRECATED_OBJC_IMPLEMENTATIONS = YES;
				CLANG_WARN_DIRECT_OBJC_ISA_USAGE = YES_ERROR;
				CLANG_WARN_DOCUMENTATION_COMMENTS = YES;
				CLANG_WARN_EMPTY_BODY = YES;
				CLANG_WARN_ENUM_CONVERSION = YES;
				CLANG_WARN_INFINITE_RECURSION = YES;
				CLANG_WARN_INT_CONVERSION = YES;
				CLANG_WARN_NON_LITERAL_NULL_CONVERSION = YES;
				CLANG_WARN_OBJC_IMPLICIT_RETAIN_SELF = YES;
				CLANG_WARN_OBJC_LITERAL_CONVERSION = YES;
				CLANG_WARN_OBJC_ROOT_CLASS = YES_ERROR;
				CLANG_WARN_QUOTED_INCLUDE_IN_FRAMEWORK_HEADER = YES;
				CLANG_WARN_RANGE_LOOP_ANALYSIS = YES;
				CLANG_WARN_STRICT_PROTOTYPES = YES;
				CLANG_WARN_SUSPICIOUS_MOVE = YES;
				CLANG_WARN_UNGUARDED_AVAILABILITY = YES_AGGRESSIVE;
				CLANG_WARN_UNREACHABLE_CODE = YES;
				CLANG_WARN__DUPLICATE_METHOD_MATCH = YES;
				COPY_PHASE_STRIP = NO;
				DEBUG_INFORMATION_FORMAT = dwarf;
				ENABLE_STRICT_OBJC_MSGSEND = YES;
				ENABLE_TESTABILITY = YES;
				GCC_C_LANGUAGE_STANDARD = gnu11;
				GCC_DYNAMIC_NO_PIC = NO;
				GCC_NO_COMMON_BLOCKS = YES;
				GCC_OPTIMIZATION_LEVEL = 0;
				GCC_PREPROCESSOR_DEFINITIONS = (
					"DEBUG=1",
					"$(inherited)",
				);
				GCC_WARN_64_TO_32_BIT_CONVERSION = YES;
				GCC_WARN_ABOUT_RETURN_TYPE = YES_ERROR;
				GCC_WARN_UNDECLARED_SELECTOR = YES;
				GCC_WARN_UNINITIALIZED_AUTOS = YES_AGGRESSIVE;
				GCC_WARN_UNUSED_FUNCTION = YES;
				GCC_WARN_UNUSED_VARIABLE = YES;
				IPHONEOS_DEPLOYMENT_TARGET = 15.2;
				MTL_ENABLE_DEBUG_INFO = INCLUDE_SOURCE;
				MTL_FAST_MATH = YES;
				ONLY_ACTIVE_ARCH = YES;
				SDKROOT = iphoneos;
				SWIFT_ACTIVE_COMPILATION_CONDITIONS = DEBUG;
				SWIFT_OPTIMIZATION_LEVEL = "-Onone";
			};
			name = Debug;
		};
		4EBB94AE27A73F01008BBA0D /* Release */ = {
			isa = XCBuildConfiguration;
			buildSettings = {
				ALWAYS_SEARCH_USER_PATHS = NO;
				CLANG_ANALYZER_NONNULL = YES;
				CLANG_ANALYZER_NUMBER_OBJECT_CONVERSION = YES_AGGRESSIVE;
				CLANG_CXX_LANGUAGE_STANDARD = "gnu++17";
				CLANG_CXX_LIBRARY = "libc++";
				CLANG_ENABLE_MODULES = YES;
				CLANG_ENABLE_OBJC_ARC = YES;
				CLANG_ENABLE_OBJC_WEAK = YES;
				CLANG_WARN_BLOCK_CAPTURE_AUTORELEASING = YES;
				CLANG_WARN_BOOL_CONVERSION = YES;
				CLANG_WARN_COMMA = YES;
				CLANG_WARN_CONSTANT_CONVERSION = YES;
				CLANG_WARN_DEPRECATED_OBJC_IMPLEMENTATIONS = YES;
				CLANG_WARN_DIRECT_OBJC_ISA_USAGE = YES_ERROR;
				CLANG_WARN_DOCUMENTATION_COMMENTS = YES;
				CLANG_WARN_EMPTY_BODY = YES;
				CLANG_WARN_ENUM_CONVERSION = YES;
				CLANG_WARN_INFINITE_RECURSION = YES;
				CLANG_WARN_INT_CONVERSION = YES;
				CLANG_WARN_NON_LITERAL_NULL_CONVERSION = YES;
				CLANG_WARN_OBJC_IMPLICIT_RETAIN_SELF = YES;
				CLANG_WARN_OBJC_LITERAL_CONVERSION = YES;
				CLANG_WARN_OBJC_ROOT_CLASS = YES_ERROR;
				CLANG_WARN_QUOTED_INCLUDE_IN_FRAMEWORK_HEADER = YES;
				CLANG_WARN_RANGE_LOOP_ANALYSIS = YES;
				CLANG_WARN_STRICT_PROTOTYPES = YES;
				CLANG_WARN_SUSPICIOUS_MOVE = YES;
				CLANG_WARN_UNGUARDED_AVAILABILITY = YES_AGGRESSIVE;
				CLANG_WARN_UNREACHABLE_CODE = YES;
				CLANG_WARN__DUPLICATE_METHOD_MATCH = YES;
				COPY_PHASE_STRIP = NO;
				DEBUG_INFORMATION_FORMAT = "dwarf-with-dsym";
				ENABLE_NS_ASSERTIONS = NO;
				ENABLE_STRICT_OBJC_MSGSEND = YES;
				GCC_C_LANGUAGE_STANDARD = gnu11;
				GCC_NO_COMMON_BLOCKS = YES;
				GCC_WARN_64_TO_32_BIT_CONVERSION = YES;
				GCC_WARN_ABOUT_RETURN_TYPE = YES_ERROR;
				GCC_WARN_UNDECLARED_SELECTOR = YES;
				GCC_WARN_UNINITIALIZED_AUTOS = YES_AGGRESSIVE;
				GCC_WARN_UNUSED_FUNCTION = YES;
				GCC_WARN_UNUSED_VARIABLE = YES;
				IPHONEOS_DEPLOYMENT_TARGET = 15.2;
				MTL_ENABLE_DEBUG_INFO = NO;
				MTL_FAST_MATH = YES;
				SDKROOT = iphoneos;
				SWIFT_COMPILATION_MODE = wholemodule;
				SWIFT_OPTIMIZATION_LEVEL = "-O";
				VALIDATE_PRODUCT = YES;
			};
			name = Release;
		};
		4EBB94B027A73F01008BBA0D /* Debug */ = {
			isa = XCBuildConfiguration;
			buildSettings = {
				ASSETCATALOG_COMPILER_APPICON_NAME = AppIcon;
				ASSETCATALOG_COMPILER_GLOBAL_ACCENT_COLOR_NAME = AccentColor;
				CODE_SIGN_STYLE = Automatic;
				CURRENT_PROJECT_VERSION = 1;
				GENERATE_INFOPLIST_FILE = YES;
				INFOPLIST_FILE = Devanaboyina_Maneesh/Info.plist;
				INFOPLIST_KEY_CFBundleDisplayName = Devanaboyina_Maneesh;
				INFOPLIST_KEY_UIApplicationSupportsIndirectInputEvents = YES;
				INFOPLIST_KEY_UILaunchStoryboardName = LaunchScreen;
				INFOPLIST_KEY_UIMainStoryboardFile = Main;
				INFOPLIST_KEY_UISupportedInterfaceOrientations_iPad = "UIInterfaceOrientationPortrait UIInterfaceOrientationPortraitUpsideDown UIInterfaceOrientationLandscapeLeft UIInterfaceOrientationLandscapeRight";
				INFOPLIST_KEY_UISupportedInterfaceOrientations_iPhone = "UIInterfaceOrientationPortrait UIInterfaceOrientationLandscapeLeft UIInterfaceOrientationLandscapeRight";
				LD_RUNPATH_SEARCH_PATHS = (
					"$(inherited)",
					"@executable_path/Frameworks",
				);
				MARKETING_VERSION = 1.0;
				PRODUCT_BUNDLE_IDENTIFIER = "nwmsu.Devanaboyina-Maneesh";
				PRODUCT_NAME = "$(TARGET_NAME)";
				SWIFT_EMIT_LOC_STRINGS = YES;
				SWIFT_VERSION = 5.0;
				TARGETED_DEVICE_FAMILY = "1,2";
			};
			name = Debug;
		};
		4EBB94B127A73F01008BBA0D /* Release */ = {
			isa = XCBuildConfiguration;
			buildSettings = {
				ASSETCATALOG_COMPILER_APPICON_NAME = AppIcon;
				ASSETCATALOG_COMPILER_GLOBAL_ACCENT_COLOR_NAME = AccentColor;
				CODE_SIGN_STYLE = Automatic;
				CURRENT_PROJECT_VERSION = 1;
				GENERATE_INFOPLIST_FILE = YES;
				INFOPLIST_FILE = Devanaboyina_Maneesh/Info.plist;
				INFOPLIST_KEY_CFBundleDisplayName = Devanaboyina_Maneesh;
				INFOPLIST_KEY_UIApplicationSupportsIndirectInputEvents = YES;
				INFOPLIST_KEY_UILaunchStoryboardName = LaunchScreen;
				INFOPLIST_KEY_UIMainStoryboardFile = Main;
				INFOPLIST_KEY_UISupportedInterfaceOrientations_iPad = "UIInterfaceOrientationPortrait UIInterfaceOrientationPortraitUpsideDown UIInterfaceOrientationLandscapeLeft UIInterfaceOrientationLandscapeRight";
				INFOPLIST_KEY_UISupportedInterfaceOrientations_iPhone = "UIInterfaceOrientationPortrait UIInterfaceOrientationLandscapeLeft UIInterfaceOrientationLandscapeRight";
				LD_RUNPATH_SEARCH_PATHS = (
					"$(inherited)",
					"@executable_path/Frameworks",
				);
				MARKETING_VERSION = 1.0;
				PRODUCT_BUNDLE_IDENTIFIER = "nwmsu.Devanaboyina-Maneesh";
				PRODUCT_NAME = "$(TARGET_NAME)";
				SWIFT_EMIT_LOC_STRINGS = YES;
				SWIFT_VERSION = 5.0;
				TARGETED_DEVICE_FAMILY = "1,2";
			};
			name = Release;
		};
		4EBB94B327A73F01008BBA0D /* Debug */ = {
			isa = XCBuildConfiguration;
			buildSettings = {
				ALWAYS_EMBED_SWIFT_STANDARD_LIBRARIES = YES;
				BUNDLE_LOADER = "$(TEST_HOST)";
				CODE_SIGN_STYLE = Automatic;
				CURRENT_PROJECT_VERSION = 1;
				GENERATE_INFOPLIST_FILE = YES;
				IPHONEOS_DEPLOYMENT_TARGET = 15.2;
				MARKETING_VERSION = 1.0;
				PRODUCT_BUNDLE_IDENTIFIER = "nwmsu.Devanaboyina-ManeeshTests";
				PRODUCT_NAME = "$(TARGET_NAME)";
				SWIFT_EMIT_LOC_STRINGS = NO;
				SWIFT_VERSION = 5.0;
				TARGETED_DEVICE_FAMILY = "1,2";
				TEST_HOST = "$(BUILT_PRODUCTS_DIR)/Devanaboyina_Maneesh.app/Devanaboyina_Maneesh";
			};
			name = Debug;
		};
		4EBB94B427A73F01008BBA0D /* Release */ = {
			isa = XCBuildConfiguration;
			buildSettings = {
				ALWAYS_EMBED_SWIFT_STANDARD_LIBRARIES = YES;
				BUNDLE_LOADER = "$(TEST_HOST)";
				CODE_SIGN_STYLE = Automatic;
				CURRENT_PROJECT_VERSION = 1;
				GENERATE_INFOPLIST_FILE = YES;
				IPHONEOS_DEPLOYMENT_TARGET = 15.2;
				MARKETING_VERSION = 1.0;
				PRODUCT_BUNDLE_IDENTIFIER = "nwmsu.Devanaboyina-ManeeshTests";
				PRODUCT_NAME = "$(TARGET_NAME)";
				SWIFT_EMIT_LOC_STRINGS = NO;
				SWIFT_VERSION = 5.0;
				TARGETED_DEVICE_FAMILY = "1,2";
				TEST_HOST = "$(BUILT_PRODUCTS_DIR)/Devanaboyina_Maneesh.app/Devanaboyina_Maneesh";
			};
			name = Release;
		};
		4EBB94B627A73F01008BBA0D /* Debug */ = {
			isa = XCBuildConfiguration;
			buildSettings = {
				ALWAYS_EMBED_SWIFT_STANDARD_LIBRARIES = YES;
				CODE_SIGN_STYLE = Automatic;
				CURRENT_PROJECT_VERSION = 1;
				GENERATE_INFOPLIST_FILE = YES;
				MARKETING_VERSION = 1.0;
				PRODUCT_BUNDLE_IDENTIFIER = "nwmsu.Devanaboyina-ManeeshUITests";
				PRODUCT_NAME = "$(TARGET_NAME)";
				SWIFT_EMIT_LOC_STRINGS = NO;
				SWIFT_VERSION = 5.0;
				TARGETED_DEVICE_FAMILY = "1,2";
				TEST_TARGET_NAME = Devanaboyina_Maneesh;
			};
			name = Debug;
		};
		4EBB94B727A73F01008BBA0D /* Release */ = {
			isa = XCBuildConfiguration;
			buildSettings = {
				ALWAYS_EMBED_SWIFT_STANDARD_LIBRARIES = YES;
				CODE_SIGN_STYLE = Automatic;
				CURRENT_PROJECT_VERSION = 1;
				GENERATE_INFOPLIST_FILE = YES;
				MARKETING_VERSION = 1.0;
				PRODUCT_BUNDLE_IDENTIFIER = "nwmsu.Devanaboyina-ManeeshUITests";
				PRODUCT_NAME = "$(TARGET_NAME)";
				SWIFT_EMIT_LOC_STRINGS = NO;
				SWIFT_VERSION = 5.0;
				TARGETED_DEVICE_FAMILY = "1,2";
				TEST_TARGET_NAME = Devanaboyina_Maneesh;
			};
			name = Release;
		};
/* End XCBuildConfiguration section */

/* Begin XCConfigurationList section */
		4EBB948027A73EFD008BBA0D /* Build configuration list for PBXProject "Devanaboyina_Maneesh" */ = {
			isa = XCConfigurationList;
			buildConfigurations = (
				4EBB94AD27A73F01008BBA0D /* Debug */,
				4EBB94AE27A73F01008BBA0D /* Release */,
			);
			defaultConfigurationIsVisible = 0;
			defaultConfigurationName = Release;
		};
		4EBB94AF27A73F01008BBA0D /* Build configuration list for PBXNativeTarget "Devanaboyina_Maneesh" */ = {
			isa = XCConfigurationList;
			buildConfigurations = (
				4EBB94B027A73F01008BBA0D /* Debug */,
				4EBB94B127A73F01008BBA0D /* Release */,
			);
			defaultConfigurationIsVisible = 0;
			defaultConfigurationName = Release;
		};
		4EBB94B227A73F01008BBA0D /* Build configuration list for PBXNativeTarget "Devanaboyina_ManeeshTests" */ = {
			isa = XCConfigurationList;
			buildConfigurations = (
				4EBB94B327A73F01008BBA0D /* Debug */,
				4EBB94B427A73F01008BBA0D /* Release */,
			);
			defaultConfigurationIsVisible = 0;
			defaultConfigurationName = Release;
		};
		4EBB94B527A73F01008BBA0D /* Build configuration list for PBXNativeTarget "Devanaboyina_ManeeshUITests" */ = {
			isa = XCConfigurationList;
			buildConfigurations = (
				4EBB94B627A73F01008BBA0D /* Debug */,
				4EBB94B727A73F01008BBA0D /* Release */,
			);
			defaultConfigurationIsVisible = 0;
			defaultConfigurationName = Release;
		};
/* End XCConfigurationList section */
	};
	rootObject = 4EBB947D27A73EFD008BBA0D /* Project object */;
}
